
Microsoft Visual Studio Solution File, Format Version 12.00
# Visual Studio Version 17
VisualStudioVersion = 17.11.35219.272
MinimumVisualStudioVersion = 10.0.40219.1
Project("{FAE04EC0-301F-11D3-BF4B-00C04F79EFBC}") = "ArcTheLad2", "ArcTheLad2\ArcTheLad2.csproj", "{6213A02B-6B03-4BD3-BF1C-623D7026E309}"
EndProject
Global
	GlobalSection(SolutionConfigurationPlatforms) = preSolution
		Debug|Any CPU = Debug|Any CPU
		Release|Any CPU = Release|Any CPU
	EndGlobalSection
	GlobalSection(ProjectConfigurationPlatforms) = postSolution
		{6213A02B-6B03-4BD3-BF1C-623D7026E309}.Debug|Any CPU.ActiveCfg = Debug|Any CPU
		{6213A02B-6B03-4BD3-BF1C-623D7026E309}.Debug|Any CPU.Build.0 = Debug|Any CPU
		{6213A02B-6B03-4BD3-BF1C-623D7026E309}.Release|Any CPU.ActiveCfg = Release|Any CPU
		{6213A02B-6B03-4BD3-BF1C-623D7026E309}.Release|Any CPU.Build.0 = Release|Any CPU
	EndGlobalSection
	GlobalSection(SolutionProperties) = preSolution
		HideSolutionNode = FALSE
	EndGlobalSection
	GlobalSection(ExtensibilityGlobals) = postSolution
		SolutionGuid = {40DAEDBE-145E-4532-AC71-89F7501421A3}
	EndGlobalSection
EndGlobal
